
Microsoft Visual Studio Solution File, Format Version 12.00
# Visual Studio Version 17
VisualStudioVersion = 17.10.35013.160
MinimumVisualStudioVersion = 10.0.40219.1
Project("{FAE04EC0-301F-11D3-BF4B-00C04F79EFBC}") = "SistemaWeb", "SistemaWeb\SistemaWeb.csproj", "{AEFA672F-ECBC-43D7-98EA-07D74477BD4F}"
EndProject
Global
	GlobalSection(SolutionConfigurationPlatforms) = preSolution
		Debug|Any CPU = Debug|Any CPU
		Release|Any CPU = Release|Any CPU
	EndGlobalSection
	GlobalSection(ProjectConfigurationPlatforms) = postSolution
		{AEFA672F-ECBC-43D7-98EA-07D74477BD4F}.Debug|Any CPU.ActiveCfg = Debug|Any CPU
		{AEFA672F-ECBC-43D7-98EA-07D74477BD4F}.Debug|Any CPU.Build.0 = Debug|Any CPU
		{AEFA672F-ECBC-43D7-98EA-07D74477BD4F}.Release|Any CPU.ActiveCfg = Release|Any CPU
		{AEFA672F-ECBC-43D7-98EA-07D74477BD4F}.Release|Any CPU.Build.0 = Release|Any CPU
	EndGlobalSection
	GlobalSection(SolutionProperties) = preSolution
		HideSolutionNode = FALSE
	EndGlobalSection
	GlobalSection(ExtensibilityGlobals) = postSolution
		SolutionGuid = {38514138-27B9-45F0-AE3F-42CB495BE515}
	EndGlobalSection
EndGlobal
